// !$*UTF8*$!
{
	archiveVersion = 1;
	classes = {
	};
	objectVersion = 50;
	objects = {

/* Begin PBXBuildFile section */
		4409A1CC2235C17D0040242F /* AllMaintenanceViewController.swift in Sources */ = {isa = PBXBuildFile; fileRef = 4409A1CB2235C17D0040242F /* AllMaintenanceViewController.swift */; };
		44402D212232C17900989632 /* AddEditItemViewController.swift in Sources */ = {isa = PBXBuildFile; fileRef = 44402D202232C17900989632 /* AddEditItemViewController.swift */; };
		446D32BB22305E7900474F78 /* AppDelegate.swift in Sources */ = {isa = PBXBuildFile; fileRef = 446D32BA22305E7900474F78 /* AppDelegate.swift */; };
		446D32BD22305E7900474F78 /* MaintenanceViewController.swift in Sources */ = {isa = PBXBuildFile; fileRef = 446D32BC22305E7900474F78 /* MaintenanceViewController.swift */; };
		446D32C022305E7900474F78 /* Main.storyboard in Resources */ = {isa = PBXBuildFile; fileRef = 446D32BE22305E7900474F78 /* Main.storyboard */; };
		446D32C222305E7B00474F78 /* Assets.xcassets in Resources */ = {isa = PBXBuildFile; fileRef = 446D32C122305E7B00474F78 /* Assets.xcassets */; };
		446D32C522305E7B00474F78 /* LaunchScreen.storyboard in Resources */ = {isa = PBXBuildFile; fileRef = 446D32C322305E7B00474F78 /* LaunchScreen.storyboard */; };
		446D32D0223069CD00474F78 /* MaintenanceTableViewCell.swift in Sources */ = {isa = PBXBuildFile; fileRef = 446D32CF223069CD00474F78 /* MaintenanceTableViewCell.swift */; };
		44858B1A2237105200937078 /* DataModel.swift in Sources */ = {isa = PBXBuildFile; fileRef = 44858B192237105200937078 /* DataModel.swift */; };
		44955C1F2231913C007636A8 /* MaintenanceItem.swift in Sources */ = {isa = PBXBuildFile; fileRef = 44955C1E2231913C007636A8 /* MaintenanceItem.swift */; };
		44F9335522360C5200DFB56A /* MaintenanceList.swift in Sources */ = {isa = PBXBuildFile; fileRef = 44F9335422360C5200DFB56A /* MaintenanceList.swift */; };
		44F9335722361A4A00DFB56A /* AddEditListViewController.swift in Sources */ = {isa = PBXBuildFile; fileRef = 44F9335622361A4A00DFB56A /* AddEditListViewController.swift */; };
/* End PBXBuildFile section */

/* Begin PBXFileReference section */
		4409A1CB2235C17D0040242F /* AllMaintenanceViewController.swift */ = {isa = PBXFileReference; lastKnownFileType = sourcecode.swift; path = AllMaintenanceViewController.swift; sourceTree = "<group>"; };
		44402D202232C17900989632 /* AddEditItemViewController.swift */ = {isa = PBXFileReference; lastKnownFileType = sourcecode.swift; path = AddEditItemViewController.swift; sourceTree = "<group>"; };
		446D32B722305E7900474F78 /* HomeMechanic.app */ = {isa = PBXFileReference; explicitFileType = wrapper.application; includeInIndex = 0; path = HomeMechanic.app; sourceTree = BUILT_PRODUCTS_DIR; };
		446D32BA22305E7900474F78 /* AppDelegate.swift */ = {isa = PBXFileReference; lastKnownFileType = sourcecode.swift; path = AppDelegate.swift; sourceTree = "<group>"; };
		446D32BC22305E7900474F78 /* MaintenanceViewController.swift */ = {isa = PBXFileReference; lastKnownFileType = sourcecode.swift; path = MaintenanceViewController.swift; sourceTree = "<group>"; };
		446D32BF22305E7900474F78 /* Base */ = {isa = PBXFileReference; lastKnownFileType = file.storyboard; name = Base; path = Base.lproj/Main.storyboard; sourceTree = "<group>"; };
		446D32C122305E7B00474F78 /* Assets.xcassets */ = {isa = PBXFileReference; lastKnownFileType = folder.assetcatalog; path = Assets.xcassets; sourceTree = "<group>"; };
		446D32C422305E7B00474F78 /* Base */ = {isa = PBXFileReference; lastKnownFileType = file.storyboard; name = Base; path = Base.lproj/LaunchScreen.storyboard; sourceTree = "<group>"; };
		446D32C622305E7B00474F78 /* Info.plist */ = {isa = PBXFileReference; lastKnownFileType = text.plist.xml; path = Info.plist; sourceTree = "<group>"; };
		446D32CF223069CD00474F78 /* MaintenanceTableViewCell.swift */ = {isa = PBXFileReference; lastKnownFileType = sourcecode.swift; path = MaintenanceTableViewCell.swift; sourceTree = "<group>"; };
		44858B192237105200937078 /* DataModel.swift */ = {isa = PBXFileReference; lastKnownFileType = sourcecode.swift; path = DataModel.swift; sourceTree = "<group>"; };
		44955C1E2231913C007636A8 /* MaintenanceItem.swift */ = {isa = PBXFileReference; lastKnownFileType = sourcecode.swift; path = MaintenanceItem.swift; sourceTree = "<group>"; };
		44F9335422360C5200DFB56A /* MaintenanceList.swift */ = {isa = PBXFileReference; lastKnownFileType = sourcecode.swift; path = MaintenanceList.swift; sourceTree = "<group>"; };
		44F9335622361A4A00DFB56A /* AddEditListViewController.swift */ = {isa = PBXFileReference; lastKnownFileType = sourcecode.swift; path = AddEditListViewController.swift; sourceTree = "<group>"; };
/* End PBXFileReference section */

/* Begin PBXFrameworksBuildPhase section */
		446D32B422305E7900474F78 /* Frameworks */ = {
			isa = PBXFrameworksBuildPhase;
			buildActionMask = 2147483647;
			files = (
			);
			runOnlyForDeploymentPostprocessing = 0;
		};
/* End PBXFrameworksBuildPhase section */

/* Begin PBXGroup section */
		446D32AE22305E7900474F78 = {
			isa = PBXGroup;
			children = (
				446D32B922305E7900474F78 /* HomeMechanic */,
				446D32B822305E7900474F78 /* Products */,
			);
			sourceTree = "<group>";
		};
		446D32B822305E7900474F78 /* Products */ = {
			isa = PBXGroup;
			children = (
				446D32B722305E7900474F78 /* HomeMechanic.app */,
			);
			name = Products;
			sourceTree = "<group>";
		};
		446D32B922305E7900474F78 /* HomeMechanic */ = {
			isa = PBXGroup;
			children = (
				446D32BA22305E7900474F78 /* AppDelegate.swift */,
				44955C1D223190AE007636A8 /* Data Model */,
				446D32CD22305EA700474F78 /* View Controllers */,
				446D32CE223064B400474F78 /* Cells */,
				446D32CC22305E9900474F78 /* Resources */,
				446D32C322305E7B00474F78 /* LaunchScreen.storyboard */,
				446D32C622305E7B00474F78 /* Info.plist */,
			);
			path = HomeMechanic;
			sourceTree = "<group>";
		};
		446D32CC22305E9900474F78 /* Resources */ = {
			isa = PBXGroup;
			children = (
				446D32C122305E7B00474F78 /* Assets.xcassets */,
				446D32BE22305E7900474F78 /* Main.storyboard */,
			);
			path = Resources;
			sourceTree = "<group>";
		};
		446D32CD22305EA700474F78 /* View Controllers */ = {
			isa = PBXGroup;
			children = (
				4409A1CB2235C17D0040242F /* AllMaintenanceViewController.swift */,
				44F9335622361A4A00DFB56A /* AddEditListViewController.swift */,
				446D32BC22305E7900474F78 /* MaintenanceViewController.swift */,
				44402D202232C17900989632 /* AddEditItemViewController.swift */,
			);
			path = "View Controllers";
			sourceTree = "<group>";
		};
		446D32CE223064B400474F78 /* Cells */ = {
			isa = PBXGroup;
			children = (
				446D32CF223069CD00474F78 /* MaintenanceTableViewCell.swift */,
			);
			path = Cells;
			sourceTree = "<group>";
		};
		44955C1D223190AE007636A8 /* Data Model */ = {
			isa = PBXGroup;
			children = (
				44858B192237105200937078 /* DataModel.swift */,
				44F9335422360C5200DFB56A /* MaintenanceList.swift */,
				44955C1E2231913C007636A8 /* MaintenanceItem.swift */,
			);
			path = "Data Model";
			sourceTree = "<group>";
		};
/* End PBXGroup section */

/* Begin PBXNativeTarget section */
		446D32B622305E7900474F78 /* HomeMechanic */ = {
			isa = PBXNativeTarget;
			buildConfigurationList = 446D32C922305E7B00474F78 /* Build configuration list for PBXNativeTarget "HomeMechanic" */;
			buildPhases = (
				446D32B322305E7900474F78 /* Sources */,
				446D32B422305E7900474F78 /* Frameworks */,
				446D32B522305E7900474F78 /* Resources */,
			);
			buildRules = (
			);
			dependencies = (
			);
			name = HomeMechanic;
			productName = HomeMechanic;
			productReference = 446D32B722305E7900474F78 /* HomeMechanic.app */;
			productType = "com.apple.product-type.application";
		};
/* End PBXNativeTarget section */

/* Begin PBXProject section */
		446D32AF22305E7900474F78 /* Project object */ = {
			isa = PBXProject;
			attributes = {
				LastSwiftUpdateCheck = 1010;
				LastUpgradeCheck = 1010;
				ORGANIZATIONNAME = "Craig Dumont";
				TargetAttributes = {
					446D32B622305E7900474F78 = {
						CreatedOnToolsVersion = 10.1;
						LastSwiftMigration = 1020;
					};
				};
			};
			buildConfigurationList = 446D32B222305E7900474F78 /* Build configuration list for PBXProject "HomeMechanic" */;
			compatibilityVersion = "Xcode 9.3";
			developmentRegion = en;
			hasScannedForEncodings = 0;
			knownRegions = (
				en,
				Base,
			);
			mainGroup = 446D32AE22305E7900474F78;
			productRefGroup = 446D32B822305E7900474F78 /* Products */;
			projectDirPath = "";
			projectRoot = "";
			targets = (
				446D32B622305E7900474F78 /* HomeMechanic */,
			);
		};
/* End PBXProject section */

/* Begin PBXResourcesBuildPhase section */
		446D32B522305E7900474F78 /* Resources */ = {
			isa = PBXResourcesBuildPhase;
			buildActionMask = 2147483647;
			files = (
				446D32C522305E7B00474F78 /* LaunchScreen.storyboard in Resources */,
				446D32C222305E7B00474F78 /* Assets.xcassets in Resources */,
				446D32C022305E7900474F78 /* Main.storyboard in Resources */,
			);
			runOnlyForDeploymentPostprocessing = 0;
		};
/* End PBXResourcesBuildPhase section */

/* Begin PBXSourcesBuildPhase section */
		446D32B322305E7900474F78 /* Sources */ = {
			isa = PBXSourcesBuildPhase;
			buildActionMask = 2147483647;
			files = (
				446D32BD22305E7900474F78 /* MaintenanceViewController.swift in Sources */,
				446D32BB22305E7900474F78 /* AppDelegate.swift in Sources */,
				4409A1CC2235C17D0040242F /* AllMaintenanceViewController.swift in Sources */,
				44F9335722361A4A00DFB56A /* AddEditListViewController.swift in Sources */,
				44955C1F2231913C007636A8 /* MaintenanceItem.swift in Sources */,
				446D32D0223069CD00474F78 /* MaintenanceTableViewCell.swift in Sources */,
				44402D212232C17900989632 /* AddEditItemViewController.swift in Sources */,
				44F9335522360C5200DFB56A /* MaintenanceList.swift in Sources */,
				44858B1A2237105200937078 /* DataModel.swift in Sources */,
			);
			runOnlyForDeploymentPostprocessing = 0;
		};
/* End PBXSourcesBuildPhase section */

/* Begin PBXVariantGroup section */
		446D32BE22305E7900474F78 /* Main.storyboard */ = {
			isa = PBXVariantGroup;
			children = (
				446D32BF22305E7900474F78 /* Base */,
			);
			name = Main.storyboard;
			sourceTree = "<group>";
		};
		446D32C322305E7B00474F78 /* LaunchScreen.storyboard */ = {
			isa = PBXVariantGroup;
			children = (
				446D32C422305E7B00474F78 /* Base */,
			);
			name = LaunchScreen.storyboard;
			sourceTree = "<group>";
		};
/* End PBXVariantGroup section */

/* Begin XCBuildConfiguration section */
		446D32C722305E7B00474F78 /* Debug */ = {
			isa = XCBuildConfiguration;
			buildSettings = {
				ALWAYS_SEARCH_USER_PATHS = NO;
				CLANG_ANALYZER_NONNULL = YES;
				CLANG_ANALYZER_NUMBER_OBJECT_CONVERSION = YES_AGGRESSIVE;
				CLANG_CXX_LANGUAGE_STANDARD = "gnu++14";
				CLANG_CXX_LIBRARY = "libc++";
				CLANG_ENABLE_MODULES = YES;
				CLANG_ENABLE_OBJC_ARC = YES;
				CLANG_ENABLE_OBJC_WEAK = YES;
				CLANG_WARN_BLOCK_CAPTURE_AUTORELEASING = YES;
				CLANG_WARN_BOOL_CONVERSION = YES;
				CLANG_WARN_COMMA = YES;
				CLANG_WARN_CONSTANT_CONVERSION = YES;
				CLANG_WARN_DEPRECATED_OBJC_IMPLEMENTATIONS = YES;
				CLANG_WARN_DIRECT_OBJC_ISA_USAGE = YES_ERROR;
				CLANG_WARN_DOCUMENTATION_COMMENTS = YES;
				CLANG_WARN_EMPTY_BODY = YES;
				CLANG_WARN_ENUM_CONVERSION = YES;
				CLANG_WARN_INFINITE_RECURSION = YES;
				CLANG_WARN_INT_CONVERSION = YES;
				CLANG_WARN_NON_LITERAL_NULL_CONVERSION = YES;
				CLANG_WARN_OBJC_IMPLICIT_RETAIN_SELF = YES;
				CLANG_WARN_OBJC_LITERAL_CONVERSION = YES;
				CLANG_WARN_OBJC_ROOT_CLASS = YES_ERROR;
				CLANG_WARN_RANGE_LOOP_ANALYSIS = YES;
				CLANG_WARN_STRICT_PROTOTYPES = YES;
				CLANG_WARN_SUSPICIOUS_MOVE = YES;
				CLANG_WARN_UNGUARDED_AVAILABILITY = YES_AGGRESSIVE;
				CLANG_WARN_UNREACHABLE_CODE = YES;
				CLANG_WARN__DUPLICATE_METHOD_MATCH = YES;
				CODE_SIGN_IDENTITY = "iPhone Developer";
				COPY_PHASE_STRIP = NO;
				DEBUG_INFORMATION_FORMAT = dwarf;
				ENABLE_STRICT_OBJC_MSGSEND = YES;
				ENABLE_TESTABILITY = YES;
				GCC_C_LANGUAGE_STANDARD = gnu11;
				GCC_DYNAMIC_NO_PIC = NO;
				GCC_NO_COMMON_BLOCKS = YES;
				GCC_OPTIMIZATION_LEVEL = 0;
				GCC_PREPROCESSOR_DEFINITIONS = (
					"DEBUG=1",
					"$(inherited)",
				);
				GCC_WARN_64_TO_32_BIT_CONVERSION = YES;
				GCC_WARN_ABOUT_RETURN_TYPE = YES_ERROR;
				GCC_WARN_UNDECLARED_SELECTOR = YES;
				GCC_WARN_UNINITIALIZED_AUTOS = YES_AGGRESSIVE;
				GCC_WARN_UNUSED_FUNCTION = YES;
				GCC_WARN_UNUSED_VARIABLE = YES;
				IPHONEOS_DEPLOYMENT_TARGET = 12.1;
				MTL_ENABLE_DEBUG_INFO = INCLUDE_SOURCE;
				MTL_FAST_MATH = YES;
				ONLY_ACTIVE_ARCH = YES;
				SDKROOT = iphoneos;
				SWIFT_ACTIVE_COMPILATION_CONDITIONS = DEBUG;
				SWIFT_OPTIMIZATION_LEVEL = "-Onone";
			};
			name = Debug;
		};
		446D32C822305E7B00474F78 /* Release */ = {
			isa = XCBuildConfiguration;
			buildSettings = {
				ALWAYS_SEARCH_USER_PATHS = NO;
				CLANG_ANALYZER_NONNULL = YES;
				CLANG_ANALYZER_NUMBER_OBJECT_CONVERSION = YES_AGGRESSIVE;
				CLANG_CXX_LANGUAGE_STANDARD = "gnu++14";
				CLANG_CXX_LIBRARY = "libc++";
				CLANG_ENABLE_MODULES = YES;
				CLANG_ENABLE_OBJC_ARC = YES;
				CLANG_ENABLE_OBJC_WEAK = YES;
				CLANG_WARN_BLOCK_CAPTURE_AUTORELEASING = YES;
				CLANG_WARN_BOOL_CONVERSION = YES;
				CLANG_WARN_COMMA = YES;
				CLANG_WARN_CONSTANT_CONVERSION = YES;
				CLANG_WARN_DEPRECATED_OBJC_IMPLEMENTATIONS = YES;
				CLANG_WARN_DIRECT_OBJC_ISA_USAGE = YES_ERROR;
				CLANG_WARN_DOCUMENTATION_COMMENTS = YES;
				CLANG_WARN_EMPTY_BODY = YES;
				CLANG_WARN_ENUM_CONVERSION = YES;
				CLANG_WARN_INFINITE_RECURSION = YES;
				CLANG_WARN_INT_CONVERSION = YES;
				CLANG_WARN_NON_LITERAL_NULL_CONVERSION = YES;
				CLANG_WARN_OBJC_IMPLICIT_RETAIN_SELF = YES;
				CLANG_WARN_OBJC_LITERAL_CONVERSION = YES;
				CLANG_WARN_OBJC_ROOT_CLASS = YES_ERROR;
				CLANG_WARN_RANGE_LOOP_ANALYSIS = YES;
				CLANG_WARN_STRICT_PROTOTYPES = YES;
				CLANG_WARN_SUSPICIOUS_MOVE = YES;
				CLANG_WARN_UNGUARDED_AVAILABILITY = YES_AGGRESSIVE;
				CLANG_WARN_UNREACHABLE_CODE = YES;
				CLANG_WARN__DUPLICATE_METHOD_MATCH = YES;
				CODE_SIGN_IDENTITY = "iPhone Developer";
				COPY_PHASE_STRIP = NO;
				DEBUG_INFORMATION_FORMAT = "dwarf-with-dsym";
				ENABLE_NS_ASSERTIONS = NO;
				ENABLE_STRICT_OBJC_MSGSEND = YES;
				GCC_C_LANGUAGE_STANDARD = gnu11;
				GCC_NO_COMMON_BLOCKS = YES;
				GCC_WARN_64_TO_32_BIT_CONVERSION = YES;
				GCC_WARN_ABOUT_RETURN_TYPE = YES_ERROR;
				GCC_WARN_UNDECLARED_SELECTOR = YES;
				GCC_WARN_UNINITIALIZED_AUTOS = YES_AGGRESSIVE;
				GCC_WARN_UNUSED_FUNCTION = YES;
				GCC_WARN_UNUSED_VARIABLE = YES;
				IPHONEOS_DEPLOYMENT_TARGET = 12.1;
				MTL_ENABLE_DEBUG_INFO = NO;
				MTL_FAST_MATH = YES;
				SDKROOT = iphoneos;
				SWIFT_COMPILATION_MODE = wholemodule;
				SWIFT_OPTIMIZATION_LEVEL = "-O";
				VALIDATE_PRODUCT = YES;
			};
			name = Release;
		};
		446D32CA22305E7B00474F78 /* Debug */ = {
			isa = XCBuildConfiguration;
			buildSettings = {
				ASSETCATALOG_COMPILER_APPICON_NAME = AppIcon;
				CODE_SIGN_STYLE = Automatic;
				DEVELOPMENT_TEAM = 4ZHVT9C34R;
				INFOPLIST_FILE = HomeMechanic/Info.plist;
				LD_RUNPATH_SEARCH_PATHS = (
					"$(inherited)",
					"@executable_path/Frameworks",
				);
				PRODUCT_BUNDLE_IDENTIFIER = com.craigdumont.HomeMechanic;
				PRODUCT_NAME = "$(TARGET_NAME)";
				SWIFT_VERSION = 5.0;
				TARGETED_DEVICE_FAMILY = "1,2";
			};
			name = Debug;
		};
		446D32CB22305E7B00474F78 /* Release */ = {
			isa = XCBuildConfiguration;
			buildSettings = {
				ASSETCATALOG_COMPILER_APPICON_NAME = AppIcon;
				CODE_SIGN_STYLE = Automatic;
				DEVELOPMENT_TEAM = 4ZHVT9C34R;
				INFOPLIST_FILE = HomeMechanic/Info.plist;
				LD_RUNPATH_SEARCH_PATHS = (
					"$(inherited)",
					"@executable_path/Frameworks",
				);
				PRODUCT_BUNDLE_IDENTIFIER = com.craigdumont.HomeMechanic;
				PRODUCT_NAME = "$(TARGET_NAME)";
				SWIFT_VERSION = 5.0;
				TARGETED_DEVICE_FAMILY = "1,2";
			};
			name = Release;
		};
/* End XCBuildConfiguration section */

/* Begin XCConfigurationList section */
		446D32B222305E7900474F78 /* Build configuration list for PBXProject "HomeMechanic" */ = {
			isa = XCConfigurationList;
			buildConfigurations = (
				446D32C722305E7B00474F78 /* Debug */,
				446D32C822305E7B00474F78 /* Release */,
			);
			defaultConfigurationIsVisible = 0;
			defaultConfigurationName = Release;
		};
		446D32C922305E7B00474F78 /* Build configuration list for PBXNativeTarget "HomeMechanic" */ = {
			isa = XCConfigurationList;
			buildConfigurations = (
				446D32CA22305E7B00474F78 /* Debug */,
				446D32CB22305E7B00474F78 /* Release */,
			);
			defaultConfigurationIsVisible = 0;
			defaultConfigurationName = Release;
		};
/* End XCConfigurationList section */
	};
	rootObject = 446D32AF22305E7900474F78 /* Project object */;
}
